version = 1
requires-python = ">=3.12"

[[package]]
name = "argparse"
version = "1.4.0"
source = { registry = "https://pypi.org/simple" }
sdist = { url = "https://files.pythonhosted.org/packages/18/dd/e617cfc3f6210ae183374cd9f6a26b20514bbb5a792af97949c5aacddf0f/argparse-1.4.0.tar.gz", hash = "sha256:62b089a55be1d8949cd2bc7e0df0bddb9e028faefc8c32038cc84862aefdd6e4", size = 70508 }
wheels = [
    { url = "https://files.pythonhosted.org/packages/f2/94/3af39d34be01a24a6e65433d19e107099374224905f1e0cc6bbe1fd22a2f/argparse-1.4.0-py2.py3-none-any.whl", hash = "sha256:c31647edb69fd3d465a847ea3157d37bed1f95f19760b11a47aa91c04b666314", size = 23000 },
]

[[package]]
name = "authorizenet"
version = "1.1.5"
source = { registry = "https://pypi.org/simple" }
dependencies = [
    { name = "lxml" },
    { name = "pyxb-x" },
    { name = "requests" },
]
sdist = { url = "https://files.pythonhosted.org/packages/2d/9a/61c151f508a9b32014b622c9c65b614c7c32068201eee1d93c93010558bc/authorizenet-1.1.5.tar.gz", hash = "sha256:ba8b538028201c01d7ed097ea0842f7732c220472006d105b4a6b948ddcaf4dc", size = 158959 }

[[package]]
name = "certifi"
version = "2024.8.30"
source = { registry = "https://pypi.org/simple" }
sdist = { url = "https://files.pythonhosted.org/packages/b0/ee/9b19140fe824b367c04c5e1b369942dd754c4c5462d5674002f75c4dedc1/certifi-2024.8.30.tar.gz", hash = "sha256:bec941d2aa8195e248a60b31ff9f0558284cf01a52591ceda73ea9afffd69fd9", size = 168507 }
wheels = [
    { url = "https://files.pythonhosted.org/packages/12/90/3c9ff0512038035f59d279fddeb79f5f1eccd8859f06d6163c58798b9487/certifi-2024.8.30-py3-none-any.whl", hash = "sha256:922820b53db7a7257ffbda3f597266d435245903d80737e34f8a45ff3e3230d8", size = 167321 },
]

[[package]]
name = "charset-normalizer"
version = "3.4.0"
source = { registry = "https://pypi.org/simple" }
sdist = { url = "https://files.pythonhosted.org/packages/f2/4f/e1808dc01273379acc506d18f1504eb2d299bd4131743b9fc54d7be4df1e/charset_normalizer-3.4.0.tar.gz", hash = "sha256:223217c3d4f82c3ac5e29032b3f1c2eb0fb591b72161f86d93f5719079dae93e", size = 106620 }
wheels = [
    { url = "https://files.pythonhosted.org/packages/d3/0b/4b7a70987abf9b8196845806198975b6aab4ce016632f817ad758a5aa056/charset_normalizer-3.4.0-cp312-cp312-macosx_10_13_universal2.whl", hash = "sha256:0713f3adb9d03d49d365b70b84775d0a0d18e4ab08d12bc46baa6132ba78aaf6", size = 194445 },
    { url = "https://files.pythonhosted.org/packages/50/89/354cc56cf4dd2449715bc9a0f54f3aef3dc700d2d62d1fa5bbea53b13426/charset_normalizer-3.4.0-cp312-cp312-macosx_10_13_x86_64.whl", hash = "sha256:de7376c29d95d6719048c194a9cf1a1b0393fbe8488a22008610b0361d834ecf", size = 125275 },
    { url = "https://files.pythonhosted.org/packages/fa/44/b730e2a2580110ced837ac083d8ad222343c96bb6b66e9e4e706e4d0b6df/charset_normalizer-3.4.0-cp312-cp312-macosx_11_0_arm64.whl", hash = "sha256:4a51b48f42d9358460b78725283f04bddaf44a9358197b889657deba38f329db", size = 119020 },
    { url = "https://files.pythonhosted.org/packages/9d/e4/9263b8240ed9472a2ae7ddc3e516e71ef46617fe40eaa51221ccd4ad9a27/charset_normalizer-3.4.0-cp312-cp312-manylinux_2_17_aarch64.manylinux2014_aarch64.whl", hash = "sha256:b295729485b06c1a0683af02a9e42d2caa9db04a373dc38a6a58cdd1e8abddf1", size = 139128 },
    { url = "https://files.pythonhosted.org/packages/6b/e3/9f73e779315a54334240353eaea75854a9a690f3f580e4bd85d977cb2204/charset_normalizer-3.4.0-cp312-cp312-manylinux_2_17_ppc64le.manylinux2014_ppc64le.whl", hash = "sha256:ee803480535c44e7f5ad00788526da7d85525cfefaf8acf8ab9a310000be4b03", size = 149277 },
    { url = "https://files.pythonhosted.org/packages/1a/cf/f1f50c2f295312edb8a548d3fa56a5c923b146cd3f24114d5adb7e7be558/charset_normalizer-3.4.0-cp312-cp312-manylinux_2_17_s390x.manylinux2014_s390x.whl", hash = "sha256:3d59d125ffbd6d552765510e3f31ed75ebac2c7470c7274195b9161a32350284", size = 142174 },
    { url = "https://files.pythonhosted.org/packages/16/92/92a76dc2ff3a12e69ba94e7e05168d37d0345fa08c87e1fe24d0c2a42223/charset_normalizer-3.4.0-cp312-cp312-manylinux_2_17_x86_64.manylinux2014_x86_64.whl", hash = "sha256:8cda06946eac330cbe6598f77bb54e690b4ca93f593dee1568ad22b04f347c15", size = 143838 },
    { url = "https://files.pythonhosted.org/packages/a4/01/2117ff2b1dfc61695daf2babe4a874bca328489afa85952440b59819e9d7/charset_normalizer-3.4.0-cp312-cp312-manylinux_2_5_i686.manylinux1_i686.manylinux_2_17_i686.manylinux2014_i686.whl", hash = "sha256:07afec21bbbbf8a5cc3651aa96b980afe2526e7f048fdfb7f1014d84acc8b6d8", size = 146149 },
    { url = "https://files.pythonhosted.org/packages/f6/9b/93a332b8d25b347f6839ca0a61b7f0287b0930216994e8bf67a75d050255/charset_normalizer-3.4.0-cp312-cp312-musllinux_1_2_aarch64.whl", hash = "sha256:6b40e8d38afe634559e398cc32b1472f376a4099c75fe6299ae607e404c033b2", size = 140043 },
    { url = "https://files.pythonhosted.org/packages/ab/f6/7ac4a01adcdecbc7a7587767c776d53d369b8b971382b91211489535acf0/charset_normalizer-3.4.0-cp312-cp312-musllinux_1_2_i686.whl", hash = "sha256:b8dcd239c743aa2f9c22ce674a145e0a25cb1566c495928440a181ca1ccf6719", size = 148229 },
    { url = "https://files.pythonhosted.org/packages/9d/be/5708ad18161dee7dc6a0f7e6cf3a88ea6279c3e8484844c0590e50e803ef/charset_normalizer-3.4.0-cp312-cp312-musllinux_1_2_ppc64le.whl", hash = "sha256:84450ba661fb96e9fd67629b93d2941c871ca86fc38d835d19d4225ff946a631", size = 151556 },
    { url = "https://files.pythonhosted.org/packages/5a/bb/3d8bc22bacb9eb89785e83e6723f9888265f3a0de3b9ce724d66bd49884e/charset_normalizer-3.4.0-cp312-cp312-musllinux_1_2_s390x.whl", hash = "sha256:44aeb140295a2f0659e113b31cfe92c9061622cadbc9e2a2f7b8ef6b1e29ef4b", size = 149772 },
    { url = "https://files.pythonhosted.org/packages/f7/fa/d3fc622de05a86f30beea5fc4e9ac46aead4731e73fd9055496732bcc0a4/charset_normalizer-3.4.0-cp312-cp312-musllinux_1_2_x86_64.whl", hash = "sha256:1db4e7fefefd0f548d73e2e2e041f9df5c59e178b4c72fbac4cc6f535cfb1565", size = 144800 },
    { url = "https://files.pythonhosted.org/packages/9a/65/bdb9bc496d7d190d725e96816e20e2ae3a6fa42a5cac99c3c3d6ff884118/charset_normalizer-3.4.0-cp312-cp312-win32.whl", hash = "sha256:5726cf76c982532c1863fb64d8c6dd0e4c90b6ece9feb06c9f202417a31f7dd7", size = 94836 },
    { url = "https://files.pythonhosted.org/packages/3e/67/7b72b69d25b89c0b3cea583ee372c43aa24df15f0e0f8d3982c57804984b/charset_normalizer-3.4.0-cp312-cp312-win_amd64.whl", hash = "sha256:b197e7094f232959f8f20541ead1d9862ac5ebea1d58e9849c1bf979255dfac9", size = 102187 },
    { url = "https://files.pythonhosted.org/packages/f3/89/68a4c86f1a0002810a27f12e9a7b22feb198c59b2f05231349fbce5c06f4/charset_normalizer-3.4.0-cp313-cp313-macosx_10_13_universal2.whl", hash = "sha256:dd4eda173a9fcccb5f2e2bd2a9f423d180194b1bf17cf59e3269899235b2a114", size = 194617 },
    { url = "https://files.pythonhosted.org/packages/4f/cd/8947fe425e2ab0aa57aceb7807af13a0e4162cd21eee42ef5b053447edf5/charset_normalizer-3.4.0-cp313-cp313-macosx_10_13_x86_64.whl", hash = "sha256:e9e3c4c9e1ed40ea53acf11e2a386383c3304212c965773704e4603d589343ed", size = 125310 },
    { url = "https://files.pythonhosted.org/packages/5b/f0/b5263e8668a4ee9becc2b451ed909e9c27058337fda5b8c49588183c267a/charset_normalizer-3.4.0-cp313-cp313-macosx_11_0_arm64.whl", hash = "sha256:92a7e36b000bf022ef3dbb9c46bfe2d52c047d5e3f3343f43204263c5addc250", size = 119126 },
    { url = "https://files.pythonhosted.org/packages/ff/6e/e445afe4f7fda27a533f3234b627b3e515a1b9429bc981c9a5e2aa5d97b6/charset_normalizer-3.4.0-cp313-cp313-manylinux_2_17_aarch64.manylinux2014_aarch64.whl", hash = "sha256:54b6a92d009cbe2fb11054ba694bc9e284dad30a26757b1e372a1fdddaf21920", size = 139342 },
    { url = "https://files.pythonhosted.org/packages/a1/b2/4af9993b532d93270538ad4926c8e37dc29f2111c36f9c629840c57cd9b3/charset_normalizer-3.4.0-cp313-cp313-manylinux_2_17_ppc64le.manylinux2014_ppc64le.whl", hash = "sha256:1ffd9493de4c922f2a38c2bf62b831dcec90ac673ed1ca182fe11b4d8e9f2a64", size = 149383 },
    { url = "https://files.pythonhosted.org/packages/fb/6f/4e78c3b97686b871db9be6f31d64e9264e889f8c9d7ab33c771f847f79b7/charset_normalizer-3.4.0-cp313-cp313-manylinux_2_17_s390x.manylinux2014_s390x.whl", hash = "sha256:35c404d74c2926d0287fbd63ed5d27eb911eb9e4a3bb2c6d294f3cfd4a9e0c23", size = 142214 },
    { url = "https://files.pythonhosted.org/packages/2b/c9/1c8fe3ce05d30c87eff498592c89015b19fade13df42850aafae09e94f35/charset_normalizer-3.4.0-cp313-cp313-manylinux_2_17_x86_64.manylinux2014_x86_64.whl", hash = "sha256:4796efc4faf6b53a18e3d46343535caed491776a22af773f366534056c4e1fbc", size = 144104 },
    { url = "https://files.pythonhosted.org/packages/ee/68/efad5dcb306bf37db7db338338e7bb8ebd8cf38ee5bbd5ceaaaa46f257e6/charset_normalizer-3.4.0-cp313-cp313-manylinux_2_5_i686.manylinux1_i686.manylinux_2_17_i686.manylinux2014_i686.whl", hash = "sha256:e7fdd52961feb4c96507aa649550ec2a0d527c086d284749b2f582f2d40a2e0d", size = 146255 },
    { url = "https://files.pythonhosted.org/packages/0c/75/1ed813c3ffd200b1f3e71121c95da3f79e6d2a96120163443b3ad1057505/charset_normalizer-3.4.0-cp313-cp313-musllinux_1_2_aarch64.whl", hash = "sha256:92db3c28b5b2a273346bebb24857fda45601aef6ae1c011c0a997106581e8a88", size = 140251 },
    { url = "https://files.pythonhosted.org/packages/7d/0d/6f32255c1979653b448d3c709583557a4d24ff97ac4f3a5be156b2e6a210/charset_normalizer-3.4.0-cp313-cp313-musllinux_1_2_i686.whl", hash = "sha256:ab973df98fc99ab39080bfb0eb3a925181454d7c3ac8a1e695fddfae696d9e90", size = 148474 },
    { url = "https://files.pythonhosted.org/packages/ac/a0/c1b5298de4670d997101fef95b97ac440e8c8d8b4efa5a4d1ef44af82f0d/charset_normalizer-3.4.0-cp313-cp313-musllinux_1_2_ppc64le.whl", hash = "sha256:4b67fdab07fdd3c10bb21edab3cbfe8cf5696f453afce75d815d9d7223fbe88b", size = 151849 },
    { url = "https://files.pythonhosted.org/packages/04/4f/b3961ba0c664989ba63e30595a3ed0875d6790ff26671e2aae2fdc28a399/charset_normalizer-3.4.0-cp313-cp313-musllinux_1_2_s390x.whl", hash = "sha256:aa41e526a5d4a9dfcfbab0716c7e8a1b215abd3f3df5a45cf18a12721d31cb5d", size = 149781 },
    { url = "https://files.pythonhosted.org/packages/d8/90/6af4cd042066a4adad58ae25648a12c09c879efa4849c705719ba1b23d8c/charset_normalizer-3.4.0-cp313-cp313-musllinux_1_2_x86_64.whl", hash = "sha256:ffc519621dce0c767e96b9c53f09c5d215578e10b02c285809f76509a3931482", size = 144970 },
    { url = "https://files.pythonhosted.org/packages/cc/67/e5e7e0cbfefc4ca79025238b43cdf8a2037854195b37d6417f3d0895c4c2/charset_normalizer-3.4.0-cp313-cp313-win32.whl", hash = "sha256:f19c1585933c82098c2a520f8ec1227f20e339e33aca8fa6f956f6691b784e67", size = 94973 },
    { url = "https://files.pythonhosted.org/packages/65/97/fc9bbc54ee13d33dc54a7fcf17b26368b18505500fc01e228c27b5222d80/charset_normalizer-3.4.0-cp313-cp313-win_amd64.whl", hash = "sha256:707b82d19e65c9bd28b81dde95249b07bf9f5b90ebe1ef17d9b57473f8a64b7b", size = 102308 },
    { url = "https://files.pythonhosted.org/packages/bf/9b/08c0432272d77b04803958a4598a51e2a4b51c06640af8b8f0f908c18bf2/charset_normalizer-3.4.0-py3-none-any.whl", hash = "sha256:fe9f97feb71aa9896b81973a7bbada8c49501dc73e58a10fcef6663af95e5079", size = 49446 },
]

[[package]]
name = "future"
version = "1.0.0"
source = { registry = "https://pypi.org/simple" }
sdist = { url = "https://files.pythonhosted.org/packages/a7/b2/4140c69c6a66432916b26158687e821ba631a4c9273c474343badf84d3ba/future-1.0.0.tar.gz", hash = "sha256:bd2968309307861edae1458a4f8a4f3598c03be43b97521076aebf5d94c07b05", size = 1228490 }
wheels = [
    { url = "https://files.pythonhosted.org/packages/da/71/ae30dadffc90b9006d77af76b393cb9dfbfc9629f339fc1574a1c52e6806/future-1.0.0-py3-none-any.whl", hash = "sha256:929292d34f5872e70396626ef385ec22355a1fae8ad29e1a734c3e43f9fbc216", size = 491326 },
]

[[package]]
name = "idna"
version = "3.10"
source = { registry = "https://pypi.org/simple" }
sdist = { url = "https://files.pythonhosted.org/packages/f1/70/7703c29685631f5a7590aa73f1f1d3fa9a380e654b86af429e0934a32f7d/idna-3.10.tar.gz", hash = "sha256:12f65c9b470abda6dc35cf8e63cc574b1c52b11df2c86030af0ac09b01b13ea9", size = 190490 }
wheels = [
    { url = "https://files.pythonhosted.org/packages/76/c6/c88e154df9c4e1a2a66ccf0005a88dfb2650c1dffb6f5ce603dfbd452ce3/idna-3.10-py3-none-any.whl", hash = "sha256:946d195a0d259cbba61165e88e65941f16e9b36ea6ddb97f00452bae8b1287d3", size = 70442 },
]

[[package]]
name = "lxml"
version = "4.9.4"
source = { registry = "https://pypi.org/simple" }
sdist = { url = "https://files.pythonhosted.org/packages/84/14/c2070b5e37c650198de8328467dd3d1681e80986f81ba0fea04fc4ec9883/lxml-4.9.4.tar.gz", hash = "sha256:b1541e50b78e15fa06a2670157a1962ef06591d4c998b998047fff5e3236880e", size = 3576664 }
wheels = [
    { url = "https://files.pythonhosted.org/packages/5c/ac/0abe4b25cae50247c5130539d0f45a201dbfe0ba69d3dd844411f90c9930/lxml-4.9.4-cp312-cp312-macosx_11_0_universal2.whl", hash = "sha256:dbcb2dc07308453db428a95a4d03259bd8caea97d7f0776842299f2d00c72fc8", size = 8624172 },
    { url = "https://files.pythonhosted.org/packages/33/e6/47c4675f0c58398c924915379eee8458bf7954644a7907ad8fbc1c42a380/lxml-4.9.4-cp312-cp312-manylinux_2_28_aarch64.whl", hash = "sha256:01bf1df1db327e748dcb152d17389cf6d0a8c5d533ef9bab781e9d5037619229", size = 7674086 },
    { url = "https://files.pythonhosted.org/packages/be/9e/5d88b189e91fae65140dc29904946297b3d9cfdf5449d4bc6e657a3ffc2d/lxml-4.9.4-cp312-cp312-manylinux_2_28_x86_64.whl", hash = "sha256:e8f9f93a23634cfafbad6e46ad7d09e0f4a25a2400e4a64b1b7b7c0fbaa06d9d", size = 8026189 },
    { url = "https://files.pythonhosted.org/packages/ea/08/ab6c2a803a5d5dce1fbbb32f5c133bbd0ebfe69476ab1eb5ffa3490b0b51/lxml-4.9.4-cp312-cp312-musllinux_1_1_aarch64.whl", hash = "sha256:3f3f00a9061605725df1816f5713d10cd94636347ed651abdbc75828df302b20", size = 7516933 },
    { url = "https://files.pythonhosted.org/packages/43/52/b0d387577620af767c73b8b20f28986e5aad70b44053ee296f8a472a12b1/lxml-4.9.4-cp312-cp312-musllinux_1_1_x86_64.whl", hash = "sha256:953dd5481bd6252bd480d6ec431f61d7d87fdcbbb71b0d2bdcfc6ae00bb6fb10", size = 7815609 },
    { url = "https://files.pythonhosted.org/packages/be/13/18230c0d567ed282a3d7b61395323e2ef8fc9ad64096fdd3d1b384fa3e3c/lxml-4.9.4-cp312-cp312-win32.whl", hash = "sha256:266f655d1baff9c47b52f529b5f6bec33f66042f65f7c56adde3fcf2ed62ae8b", size = 3460500 },
    { url = "https://files.pythonhosted.org/packages/5f/df/6d15cc415e04724ba4c141051cf43709e09bbcdd9868a6c2e7a7073ef498/lxml-4.9.4-cp312-cp312-win_amd64.whl", hash = "sha256:f1faee2a831fe249e1bae9cbc68d3cd8a30f7e37851deee4d7962b17c410dd56", size = 3773977 },
]

[[package]]
name = "python-terminusgps"
version = "1.0.0"
source = { editable = "." }
dependencies = [
    { name = "argparse" },
    { name = "authorizenet" },
    { name = "python-wialon" },
]

[package.dev-dependencies]
dev = [
    { name = "setuptools" },
]

[package.metadata]
requires-dist = [
    { name = "argparse", specifier = ">=1.4.0" },
    { name = "authorizenet", specifier = ">=1.1.5" },
    { name = "python-wialon", specifier = ">=1.2.4" },
]

[package.metadata.requires-dev]
dev = [{ name = "setuptools", specifier = ">=75.6.0" }]

[[package]]
name = "python-wialon"
version = "1.2.4"
source = { registry = "https://pypi.org/simple" }
dependencies = [
    { name = "future" },
    { name = "simplejson" },
]
sdist = { url = "https://files.pythonhosted.org/packages/3e/dc/7adaa9bcafd8686ba2c893cbed7c9bb0e57837d6515d6b2b4fb347267a26/python-wialon-1.2.4.tar.gz", hash = "sha256:1c8c543b61ae6534d734b939cce805b06cb8dee87ff06a3a069691c6c408f885", size = 6750 }
wheels = [
    { url = "https://files.pythonhosted.org/packages/44/8a/a9faaed27b8f511a8c77d09f79e795e7c462a595a377b33b6da74a122efd/python_wialon-1.2.4-py3-none-any.whl", hash = "sha256:1dd54916075ddf55841c742e0a2f42c434c7a1a562131d53565146e004858f99", size = 7405 },
]

[[package]]
name = "pyxb-x"
version = "1.2.6.2"
source = { registry = "https://pypi.org/simple" }
sdist = { url = "https://files.pythonhosted.org/packages/0f/1f/4c727df69fb9652cc693912a70f25af437ddde92564f1749deca7f0e4e64/PyXB-X-1.2.6.2.tar.gz", hash = "sha256:3bebab03b5020bd31be4f5e8439f44600b3ba10e45580d01d631029c3c531c9e", size = 1275145 }
wheels = [
    { url = "https://files.pythonhosted.org/packages/a9/71/8db3f341cd884f87987673c54d36fa028b8ffea8164e4bca2930b76e60fe/PyXB_X-1.2.6.2-py3-none-any.whl", hash = "sha256:7d130e824c9e08acc3d43a0b454a48613588b27cee09d9f34d947081a92691e2", size = 310099 },
]

[[package]]
name = "requests"
version = "2.32.3"
source = { registry = "https://pypi.org/simple" }
dependencies = [
    { name = "certifi" },
    { name = "charset-normalizer" },
    { name = "idna" },
    { name = "urllib3" },
]
sdist = { url = "https://files.pythonhosted.org/packages/63/70/2bf7780ad2d390a8d301ad0b550f1581eadbd9a20f896afe06353c2a2913/requests-2.32.3.tar.gz", hash = "sha256:55365417734eb18255590a9ff9eb97e9e1da868d4ccd6402399eaf68af20a760", size = 131218 }
wheels = [
    { url = "https://files.pythonhosted.org/packages/f9/9b/335f9764261e915ed497fcdeb11df5dfd6f7bf257d4a6a2a686d80da4d54/requests-2.32.3-py3-none-any.whl", hash = "sha256:70761cfe03c773ceb22aa2f671b4757976145175cdfca038c02654d061d6dcc6", size = 64928 },
]

[[package]]
name = "setuptools"
version = "75.6.0"
source = { registry = "https://pypi.org/simple" }
sdist = { url = "https://files.pythonhosted.org/packages/43/54/292f26c208734e9a7f067aea4a7e282c080750c4546559b58e2e45413ca0/setuptools-75.6.0.tar.gz", hash = "sha256:8199222558df7c86216af4f84c30e9b34a61d8ba19366cc914424cdbd28252f6", size = 1337429 }
wheels = [
    { url = "https://files.pythonhosted.org/packages/55/21/47d163f615df1d30c094f6c8bbb353619274edccf0327b185cc2493c2c33/setuptools-75.6.0-py3-none-any.whl", hash = "sha256:ce74b49e8f7110f9bf04883b730f4765b774ef3ef28f722cce7c273d253aaf7d", size = 1224032 },
]

[[package]]
name = "simplejson"
version = "3.19.3"
source = { registry = "https://pypi.org/simple" }
sdist = { url = "https://files.pythonhosted.org/packages/3d/29/085111f19717f865eceaf0d4397bf3e76b08d60428b076b64e2a1903706d/simplejson-3.19.3.tar.gz", hash = "sha256:8e086896c36210ab6050f2f9f095a5f1e03c83fa0e7f296d6cba425411364680", size = 85237 }
wheels = [
    { url = "https://files.pythonhosted.org/packages/20/15/513fea93fafbdd4993eacfcb762965b2ff3d29e618c029e2956174d68c4b/simplejson-3.19.3-cp312-cp312-macosx_10_9_universal2.whl", hash = "sha256:66a0399e21c2112acacfebf3d832ebe2884f823b1c7e6d1363f2944f1db31a99", size = 92921 },
    { url = "https://files.pythonhosted.org/packages/a4/4f/998a907ae1a6c104dc0ee48aa248c2478490152808d34d8e07af57f396c3/simplejson-3.19.3-cp312-cp312-macosx_10_9_x86_64.whl", hash = "sha256:6ef9383c5e05f445be60f1735c1816163c874c0b1ede8bb4390aff2ced34f333", size = 75311 },
    { url = "https://files.pythonhosted.org/packages/db/44/acd6122201e927451869d45952b9ab1d3025cdb5e61548d286d08fbccc08/simplejson-3.19.3-cp312-cp312-macosx_11_0_arm64.whl", hash = "sha256:42e5acf80d4d971238d4df97811286a044d720693092b20a56d5e56b7dcc5d09", size = 74964 },
    { url = "https://files.pythonhosted.org/packages/27/ca/d0a1e8f16e1bbdc0b8c6d88166f45f565ed7285f53928cfef3b6ce78f14d/simplejson-3.19.3-cp312-cp312-manylinux_2_17_aarch64.manylinux2014_aarch64.whl", hash = "sha256:d0b0efc7279d768db7c74d3d07f0b5c81280d16ae3fb14e9081dc903e8360771", size = 150106 },
    { url = "https://files.pythonhosted.org/packages/63/59/0554b78cf26c98e2b9cae3f44723bd72c2394e2afec1a14eedc6211f7187/simplejson-3.19.3-cp312-cp312-manylinux_2_17_ppc64le.manylinux2014_ppc64le.whl", hash = "sha256:0552eb06e7234da892e1d02365cd2b7b2b1f8233aa5aabdb2981587b7cc92ea0", size = 158347 },
    { url = "https://files.pythonhosted.org/packages/b2/fe/9f30890352e431e8508cc569912d3322147d3e7e4f321e48c0adfcb4c97d/simplejson-3.19.3-cp312-cp312-manylinux_2_5_i686.manylinux1_i686.manylinux_2_17_i686.manylinux2014_i686.whl", hash = "sha256:5bf6a3b9a7d7191471b464fe38f684df10eb491ec9ea454003edb45a011ab187", size = 148456 },
    { url = "https://files.pythonhosted.org/packages/37/e3/663a09542ee021d4131162f7a164cb2e7f04ef48433a67591738afbf12ea/simplejson-3.19.3-cp312-cp312-manylinux_2_5_x86_64.manylinux1_x86_64.manylinux_2_17_x86_64.manylinux2014_x86_64.whl", hash = "sha256:7017329ca8d4dca94ad5e59f496e5fc77630aecfc39df381ffc1d37fb6b25832", size = 152190 },
    { url = "https://files.pythonhosted.org/packages/31/20/4e0c4d35e10ff6465003bec304316d822a559a1c38c66ef6892ca199c207/simplejson-3.19.3-cp312-cp312-musllinux_1_2_aarch64.whl", hash = "sha256:67a20641afebf4cfbcff50061f07daad1eace6e7b31d7622b6fa2c40d43900ba", size = 149846 },
    { url = "https://files.pythonhosted.org/packages/08/7a/46e2e072cac3987cbb05946f25167f0ad2fe536748e7405953fd6661a486/simplejson-3.19.3-cp312-cp312-musllinux_1_2_i686.whl", hash = "sha256:dd6a7dabcc4c32daf601bc45e01b79175dde4b52548becea4f9545b0a4428169", size = 151714 },
    { url = "https://files.pythonhosted.org/packages/7f/7d/dbeeac10eb61d5d8858d0bb51121a21050d281dc83af4c557f86da28746c/simplejson-3.19.3-cp312-cp312-musllinux_1_2_ppc64le.whl", hash = "sha256:08f9b443a94e72dd02c87098c96886d35790e79e46b24e67accafbf13b73d43b", size = 158777 },
    { url = "https://files.pythonhosted.org/packages/fc/8f/a98bdbb799c6a4a884b5823db31785a96ba895b4b0f4d8ac345d6fe98bbf/simplejson-3.19.3-cp312-cp312-musllinux_1_2_x86_64.whl", hash = "sha256:fa97278ae6614346b5ca41a45a911f37a3261b57dbe4a00602048652c862c28b", size = 154230 },
    { url = "https://files.pythonhosted.org/packages/b1/db/852eebceb85f969ae40e06babed1a93d3bacb536f187d7a80ff5823a5979/simplejson-3.19.3-cp312-cp312-win32.whl", hash = "sha256:ef28c3b328d29b5e2756903aed888960bc5df39b4c2eab157ae212f70ed5bf74", size = 74002 },
    { url = "https://files.pythonhosted.org/packages/fe/68/9f0e5df0651cb79ef83cba1378765a00ee8038e6201cc82b8e7178a7778e/simplejson-3.19.3-cp312-cp312-win_amd64.whl", hash = "sha256:1e662336db50ad665777e6548b5076329a94a0c3d4a0472971c588b3ef27de3a", size = 75596 },
    { url = "https://files.pythonhosted.org/packages/93/3a/5896821ed543899fcb9c4256c7e71bb110048047349a00f42bc8b8fb379f/simplejson-3.19.3-cp313-cp313-macosx_10_13_universal2.whl", hash = "sha256:0959e6cb62e3994b5a40e31047ff97ef5c4138875fae31659bead691bed55896", size = 92931 },
    { url = "https://files.pythonhosted.org/packages/39/15/5d33d269440912ee40d856db0c8be2b91aba7a219690ab01f86cb0edd590/simplejson-3.19.3-cp313-cp313-macosx_10_13_x86_64.whl", hash = "sha256:7a7bfad839c624e139a4863007233a3f194e7c51551081f9789cba52e4da5167", size = 75318 },
    { url = "https://files.pythonhosted.org/packages/2a/8d/2e7483a2bf7ec53acf7e012bafbda79d7b34f90471dda8e424544a59d484/simplejson-3.19.3-cp313-cp313-macosx_11_0_arm64.whl", hash = "sha256:afab2f7f2486a866ff04d6d905e9386ca6a231379181a3838abce1f32fbdcc37", size = 74971 },
    { url = "https://files.pythonhosted.org/packages/4d/9d/9bdf34437c8834a7cf7246f85e9d5122e30579f512c10a0c2560e994294f/simplejson-3.19.3-cp313-cp313-manylinux_2_17_aarch64.manylinux2014_aarch64.whl", hash = "sha256:d00313681015ac498e1736b304446ee6d1c72c5b287cd196996dad84369998f7", size = 150112 },
    { url = "https://files.pythonhosted.org/packages/a7/e2/1f2ae2d89eaf85f6163c82150180aae5eaa18085cfaf892f8a57d4c51cbd/simplejson-3.19.3-cp313-cp313-manylinux_2_17_ppc64le.manylinux2014_ppc64le.whl", hash = "sha256:d936ae682d5b878af9d9eb4d8bb1fdd5e41275c8eb59ceddb0aeed857bb264a2", size = 158354 },
    { url = "https://files.pythonhosted.org/packages/60/83/26f610adf234c8492b3f30501e12f2271e67790f946c6898fe0c58aefe99/simplejson-3.19.3-cp313-cp313-manylinux_2_5_i686.manylinux1_i686.manylinux_2_17_i686.manylinux2014_i686.whl", hash = "sha256:01c6657485393f2e9b8177c77a7634f13ebe70d5e6de150aae1677d91516ce6b", size = 148455 },
    { url = "https://files.pythonhosted.org/packages/b5/4b/109af50006af77133653c55b5b91b4bd2d579ff8254ce11216c0b75f911b/simplejson-3.19.3-cp313-cp313-manylinux_2_5_x86_64.manylinux1_x86_64.manylinux_2_17_x86_64.manylinux2014_x86_64.whl", hash = "sha256:2a6a750d3c7461b1c47cfc6bba8d9e57a455e7c5f80057d2a82f738040dd1129", size = 152191 },
    { url = "https://files.pythonhosted.org/packages/75/dc/108872a8825cbd99ae6f4334e0490ff1580367baf12198bcaf988f6820ba/simplejson-3.19.3-cp313-cp313-musllinux_1_2_aarch64.whl", hash = "sha256:ea7a4a998c87c5674a27089e022110a1a08a7753f21af3baf09efe9915c23c3c", size = 149954 },
    { url = "https://files.pythonhosted.org/packages/eb/be/deec1d947a5d0472276ab4a4d1a9378dc5ee27f3dc9e54d4f62ffbad7a08/simplejson-3.19.3-cp313-cp313-musllinux_1_2_i686.whl", hash = "sha256:6300680d83a399be2b8f3b0ef7ef90b35d2a29fe6e9c21438097e0938bbc1564", size = 151812 },
    { url = "https://files.pythonhosted.org/packages/e9/58/4ee130702d36b1551ef66e7587eefe56651f3669255bf748cd71691e2434/simplejson-3.19.3-cp313-cp313-musllinux_1_2_ppc64le.whl", hash = "sha256:ab69f811a660c362651ae395eba8ce84f84c944cea0df5718ea0ba9d1e4e7252", size = 158880 },
    { url = "https://files.pythonhosted.org/packages/0f/e1/59cc6a371b60f89e3498d9f4c8109f6b7359094d453f5fe80b2677b777b0/simplejson-3.19.3-cp313-cp313-musllinux_1_2_x86_64.whl", hash = "sha256:256e09d0f94d9c3d177d9e95fd27a68c875a4baa2046633df387b86b652f5747", size = 154344 },
    { url = "https://files.pythonhosted.org/packages/79/45/1b36044670016f5cb25ebd92497427d2d1711ecb454d00f71eb9a00b77cc/simplejson-3.19.3-cp313-cp313-win32.whl", hash = "sha256:2c78293470313aefa9cfc5e3f75ca0635721fb016fb1121c1c5b0cb8cc74712a", size = 74002 },
    { url = "https://files.pythonhosted.org/packages/e2/58/b06226e6b0612f2b1fa13d5273551da259f894566b1eef32249ddfdcce44/simplejson-3.19.3-cp313-cp313-win_amd64.whl", hash = "sha256:3bbcdc438dc1683b35f7a8dc100960c721f922f9ede8127f63bed7dfded4c64c", size = 75599 },
    { url = "https://files.pythonhosted.org/packages/0d/e7/f9fafbd4f39793a20cc52e77bbd766f7384312526d402c382928dc7667f6/simplejson-3.19.3-py3-none-any.whl", hash = "sha256:49cc4c7b940d43bd12bf87ec63f28cbc4964fc4e12c031cc8cd01650f43eb94e", size = 57004 },
]

[[package]]
name = "urllib3"
version = "2.2.3"
source = { registry = "https://pypi.org/simple" }
sdist = { url = "https://files.pythonhosted.org/packages/ed/63/22ba4ebfe7430b76388e7cd448d5478814d3032121827c12a2cc287e2260/urllib3-2.2.3.tar.gz", hash = "sha256:e7d814a81dad81e6caf2ec9fdedb284ecc9c73076b62654547cc64ccdcae26e9", size = 300677 }
wheels = [
    { url = "https://files.pythonhosted.org/packages/ce/d9/5f4c13cecde62396b0d3fe530a50ccea91e7dfc1ccf0e09c228841bb5ba8/urllib3-2.2.3-py3-none-any.whl", hash = "sha256:ca899ca043dcb1bafa3e262d73aa25c465bfb49e0bd9dd5d59f1d0acba2f8fac", size = 126338 },
]
